
Microsoft Visual Studio Solution File, Format Version 11.00
# Visual Studio 2010
Project("{2150E333-8FDC-42A3-9474-1A3956D46DE8}") = "Solution Items", "Solution Items", "{4CEFFF45-D7C0-41F1-A7A3-3414BC5C3C54}"
	ProjectSection(SolutionItems) = preProject
		Dawn.vsmdi = Dawn.vsmdi
		LocalTestRun.testrunconfig = LocalTestRun.testrunconfig
		Lib\nunit.framework.dll = Lib\nunit.framework.dll
	EndProjectSection
EndProject
Project("{FAE04EC0-301F-11D3-BF4B-00C04F79EFBC}") = "MogreFrontEnd", "MogreFrontEnd\MogreFrontEnd.csproj", "{AA0A0DCE-3FB8-4202-BDC4-CFD8E0FF27EA}"
EndProject
Project("{FAE04EC0-301F-11D3-BF4B-00C04F79EFBC}") = "DawnClient", "DawnClient\DawnClient.csproj", "{4471FB48-DF80-44F5-B2A0-65BC98B2C2F3}"
EndProject
Project("{FAE04EC0-301F-11D3-BF4B-00C04F79EFBC}") = "DawnClientConsole", "DawnClientConsole\DawnClientConsole.csproj", "{A2BA7EC7-CBC5-4FC7-B14A-71F6501EF8D3}"
EndProject
Project("{FAE04EC0-301F-11D3-BF4B-00C04F79EFBC}") = "Simulation", "Simulation\Simulation.csproj", "{4F463D41-EA2D-4B41-A4C8-656DDD16F4C7}"
EndProject
Project("{FAE04EC0-301F-11D3-BF4B-00C04F79EFBC}") = "AgentMatrix", "AgentMatrix\AgentMatrix.csproj", "{6A535435-09FB-4A8F-B07B-DDD91B9C63B0}"
EndProject
Project("{FAE04EC0-301F-11D3-BF4B-00C04F79EFBC}") = "SharedConstants", "SharedConstants\SharedConstants.csproj", "{EBD77164-CE60-4180-8613-974FA39850E8}"
EndProject
Project("{FAE04EC0-301F-11D3-BF4B-00C04F79EFBC}") = "DawnMonitorClient", "DawnMonitorClient\DawnMonitorClient.csproj", "{6C168B63-2A7E-4B0B-8F3E-25EDB4DE7A05}"
EndProject
Project("{FAE04EC0-301F-11D3-BF4B-00C04F79EFBC}") = "PerformanceMonitoring", "PerformanceMonitoring\PerformanceMonitoring.csproj", "{C529958B-927A-4DCB-834C-5765F831F04A}"
EndProject
Project("{FAE04EC0-301F-11D3-BF4B-00C04F79EFBC}") = "AgentMatrixTests", "AgentMatrixTests\AgentMatrixTests.csproj", "{C88F8353-EF9E-40D6-BD1F-9BAF79589363}"
EndProject
Project("{FAE04EC0-301F-11D3-BF4B-00C04F79EFBC}") = "Assembly-CSharp-vs", "DawnUnity\Assembly-CSharp-vs.csproj", "{DBF800C6-3A08-49EF-8F97-EFD7F61B82FD}"
	ProjectSection(ProjectDependencies) = postProject
		{B7A42E2F-1536-47ED-B60C-7E814B7B1F66} = {B7A42E2F-1536-47ED-B60C-7E814B7B1F66}
	EndProjectSection
EndProject
Project("{FAE04EC0-301F-11D3-BF4B-00C04F79EFBC}") = "DawnClientForUnity", "DawnClientForUnity\DawnClientForUnity.csproj", "{B7A42E2F-1536-47ED-B60C-7E814B7B1F66}"
EndProject
Project("{FAE04EC0-301F-11D3-BF4B-00C04F79EFBC}") = "Farseer Physics Engine", "Farseer Physics Engine\Farseer Physics Engine.csproj", "{92791977-B816-40D8-92B4-94697D299997}"
EndProject
Global
	GlobalSection(TestCaseManagementSettings) = postSolution
		CategoryFile = Dawn.vsmdi
	EndGlobalSection
	GlobalSection(SolutionConfigurationPlatforms) = preSolution
		Debug|Any CPU = Debug|Any CPU
		Debug|Mixed Platforms = Debug|Mixed Platforms
		Debug|x86 = Debug|x86
		Release|Any CPU = Release|Any CPU
		Release|Mixed Platforms = Release|Mixed Platforms
		Release|x86 = Release|x86
	EndGlobalSection
	GlobalSection(ProjectConfigurationPlatforms) = postSolution
		{AA0A0DCE-3FB8-4202-BDC4-CFD8E0FF27EA}.Debug|Any CPU.ActiveCfg = Debug|x86
		{AA0A0DCE-3FB8-4202-BDC4-CFD8E0FF27EA}.Debug|Mixed Platforms.ActiveCfg = Debug|x86
		{AA0A0DCE-3FB8-4202-BDC4-CFD8E0FF27EA}.Debug|Mixed Platforms.Build.0 = Debug|x86
		{AA0A0DCE-3FB8-4202-BDC4-CFD8E0FF27EA}.Debug|x86.ActiveCfg = Debug|x86
		{AA0A0DCE-3FB8-4202-BDC4-CFD8E0FF27EA}.Debug|x86.Build.0 = Debug|x86
		{AA0A0DCE-3FB8-4202-BDC4-CFD8E0FF27EA}.Release|Any CPU.ActiveCfg = Release|x86
		{AA0A0DCE-3FB8-4202-BDC4-CFD8E0FF27EA}.Release|Mixed Platforms.ActiveCfg = Release|x86
		{AA0A0DCE-3FB8-4202-BDC4-CFD8E0FF27EA}.Release|Mixed Platforms.Build.0 = Release|x86
		{AA0A0DCE-3FB8-4202-BDC4-CFD8E0FF27EA}.Release|x86.ActiveCfg = Release|x86
		{AA0A0DCE-3FB8-4202-BDC4-CFD8E0FF27EA}.Release|x86.Build.0 = Release|x86
		{4471FB48-DF80-44F5-B2A0-65BC98B2C2F3}.Debug|Any CPU.ActiveCfg = Debug|Any CPU
		{4471FB48-DF80-44F5-B2A0-65BC98B2C2F3}.Debug|Any CPU.Build.0 = Debug|Any CPU
		{4471FB48-DF80-44F5-B2A0-65BC98B2C2F3}.Debug|Mixed Platforms.ActiveCfg = Debug|Any CPU
		{4471FB48-DF80-44F5-B2A0-65BC98B2C2F3}.Debug|Mixed Platforms.Build.0 = Debug|Any CPU
		{4471FB48-DF80-44F5-B2A0-65BC98B2C2F3}.Debug|x86.ActiveCfg = Debug|Any CPU
		{4471FB48-DF80-44F5-B2A0-65BC98B2C2F3}.Release|Any CPU.ActiveCfg = Release|Any CPU
		{4471FB48-DF80-44F5-B2A0-65BC98B2C2F3}.Release|Any CPU.Build.0 = Release|Any CPU
		{4471FB48-DF80-44F5-B2A0-65BC98B2C2F3}.Release|Mixed Platforms.ActiveCfg = Release|Any CPU
		{4471FB48-DF80-44F5-B2A0-65BC98B2C2F3}.Release|Mixed Platforms.Build.0 = Release|Any CPU
		{4471FB48-DF80-44F5-B2A0-65BC98B2C2F3}.Release|x86.ActiveCfg = Release|Any CPU
		{A2BA7EC7-CBC5-4FC7-B14A-71F6501EF8D3}.Debug|Any CPU.ActiveCfg = Debug|x86
		{A2BA7EC7-CBC5-4FC7-B14A-71F6501EF8D3}.Debug|Mixed Platforms.ActiveCfg = Debug|x86
		{A2BA7EC7-CBC5-4FC7-B14A-71F6501EF8D3}.Debug|Mixed Platforms.Build.0 = Debug|x86
		{A2BA7EC7-CBC5-4FC7-B14A-71F6501EF8D3}.Debug|x86.ActiveCfg = Debug|x86
		{A2BA7EC7-CBC5-4FC7-B14A-71F6501EF8D3}.Debug|x86.Build.0 = Debug|x86
		{A2BA7EC7-CBC5-4FC7-B14A-71F6501EF8D3}.Release|Any CPU.ActiveCfg = Release|x86
		{A2BA7EC7-CBC5-4FC7-B14A-71F6501EF8D3}.Release|Mixed Platforms.ActiveCfg = Release|x86
		{A2BA7EC7-CBC5-4FC7-B14A-71F6501EF8D3}.Release|Mixed Platforms.Build.0 = Release|x86
		{A2BA7EC7-CBC5-4FC7-B14A-71F6501EF8D3}.Release|x86.ActiveCfg = Release|x86
		{A2BA7EC7-CBC5-4FC7-B14A-71F6501EF8D3}.Release|x86.Build.0 = Release|x86
		{4F463D41-EA2D-4B41-A4C8-656DDD16F4C7}.Debug|Any CPU.ActiveCfg = Debug|Any CPU
		{4F463D41-EA2D-4B41-A4C8-656DDD16F4C7}.Debug|Any CPU.Build.0 = Debug|Any CPU
		{4F463D41-EA2D-4B41-A4C8-656DDD16F4C7}.Debug|Mixed Platforms.ActiveCfg = Debug|Any CPU
		{4F463D41-EA2D-4B41-A4C8-656DDD16F4C7}.Debug|Mixed Platforms.Build.0 = Debug|Any CPU
		{4F463D41-EA2D-4B41-A4C8-656DDD16F4C7}.Debug|x86.ActiveCfg = Debug|Any CPU
		{4F463D41-EA2D-4B41-A4C8-656DDD16F4C7}.Release|Any CPU.ActiveCfg = Release|Any CPU
		{4F463D41-EA2D-4B41-A4C8-656DDD16F4C7}.Release|Any CPU.Build.0 = Release|Any CPU
		{4F463D41-EA2D-4B41-A4C8-656DDD16F4C7}.Release|Mixed Platforms.ActiveCfg = Release|Any CPU
		{4F463D41-EA2D-4B41-A4C8-656DDD16F4C7}.Release|Mixed Platforms.Build.0 = Release|Any CPU
		{4F463D41-EA2D-4B41-A4C8-656DDD16F4C7}.Release|x86.ActiveCfg = Release|Any CPU
		{6A535435-09FB-4A8F-B07B-DDD91B9C63B0}.Debug|Any CPU.ActiveCfg = Debug|x86
		{6A535435-09FB-4A8F-B07B-DDD91B9C63B0}.Debug|Mixed Platforms.ActiveCfg = Debug|x86
		{6A535435-09FB-4A8F-B07B-DDD91B9C63B0}.Debug|Mixed Platforms.Build.0 = Debug|x86
		{6A535435-09FB-4A8F-B07B-DDD91B9C63B0}.Debug|x86.ActiveCfg = Debug|x86
		{6A535435-09FB-4A8F-B07B-DDD91B9C63B0}.Debug|x86.Build.0 = Debug|x86
		{6A535435-09FB-4A8F-B07B-DDD91B9C63B0}.Release|Any CPU.ActiveCfg = Release|x86
		{6A535435-09FB-4A8F-B07B-DDD91B9C63B0}.Release|Mixed Platforms.ActiveCfg = Release|x86
		{6A535435-09FB-4A8F-B07B-DDD91B9C63B0}.Release|Mixed Platforms.Build.0 = Release|x86
		{6A535435-09FB-4A8F-B07B-DDD91B9C63B0}.Release|x86.ActiveCfg = Release|x86
		{6A535435-09FB-4A8F-B07B-DDD91B9C63B0}.Release|x86.Build.0 = Release|x86
		{EBD77164-CE60-4180-8613-974FA39850E8}.Debug|Any CPU.ActiveCfg = Debug|Any CPU
		{EBD77164-CE60-4180-8613-974FA39850E8}.Debug|Any CPU.Build.0 = Debug|Any CPU
		{EBD77164-CE60-4180-8613-974FA39850E8}.Debug|Mixed Platforms.ActiveCfg = Debug|Any CPU
		{EBD77164-CE60-4180-8613-974FA39850E8}.Debug|Mixed Platforms.Build.0 = Debug|Any CPU
		{EBD77164-CE60-4180-8613-974FA39850E8}.Debug|x86.ActiveCfg = Debug|Any CPU
		{EBD77164-CE60-4180-8613-974FA39850E8}.Release|Any CPU.ActiveCfg = Release|Any CPU
		{EBD77164-CE60-4180-8613-974FA39850E8}.Release|Any CPU.Build.0 = Release|Any CPU
		{EBD77164-CE60-4180-8613-974FA39850E8}.Release|Mixed Platforms.ActiveCfg = Release|Any CPU
		{EBD77164-CE60-4180-8613-974FA39850E8}.Release|Mixed Platforms.Build.0 = Release|Any CPU
		{EBD77164-CE60-4180-8613-974FA39850E8}.Release|x86.ActiveCfg = Release|Any CPU
		{6C168B63-2A7E-4B0B-8F3E-25EDB4DE7A05}.Debug|Any CPU.ActiveCfg = Debug|x86
		{6C168B63-2A7E-4B0B-8F3E-25EDB4DE7A05}.Debug|Mixed Platforms.ActiveCfg = Debug|x86
		{6C168B63-2A7E-4B0B-8F3E-25EDB4DE7A05}.Debug|Mixed Platforms.Build.0 = Debug|x86
		{6C168B63-2A7E-4B0B-8F3E-25EDB4DE7A05}.Debug|x86.ActiveCfg = Debug|x86
		{6C168B63-2A7E-4B0B-8F3E-25EDB4DE7A05}.Debug|x86.Build.0 = Debug|x86
		{6C168B63-2A7E-4B0B-8F3E-25EDB4DE7A05}.Release|Any CPU.ActiveCfg = Release|x86
		{6C168B63-2A7E-4B0B-8F3E-25EDB4DE7A05}.Release|Mixed Platforms.ActiveCfg = Release|x86
		{6C168B63-2A7E-4B0B-8F3E-25EDB4DE7A05}.Release|Mixed Platforms.Build.0 = Release|x86
		{6C168B63-2A7E-4B0B-8F3E-25EDB4DE7A05}.Release|x86.ActiveCfg = Release|x86
		{6C168B63-2A7E-4B0B-8F3E-25EDB4DE7A05}.Release|x86.Build.0 = Release|x86
		{C529958B-927A-4DCB-834C-5765F831F04A}.Debug|Any CPU.ActiveCfg = Debug|Any CPU
		{C529958B-927A-4DCB-834C-5765F831F04A}.Debug|Any CPU.Build.0 = Debug|Any CPU
		{C529958B-927A-4DCB-834C-5765F831F04A}.Debug|Mixed Platforms.ActiveCfg = Debug|Any CPU
		{C529958B-927A-4DCB-834C-5765F831F04A}.Debug|Mixed Platforms.Build.0 = Debug|Any CPU
		{C529958B-927A-4DCB-834C-5765F831F04A}.Debug|x86.ActiveCfg = Debug|Any CPU
		{C529958B-927A-4DCB-834C-5765F831F04A}.Release|Any CPU.ActiveCfg = Release|Any CPU
		{C529958B-927A-4DCB-834C-5765F831F04A}.Release|Any CPU.Build.0 = Release|Any CPU
		{C529958B-927A-4DCB-834C-5765F831F04A}.Release|Mixed Platforms.ActiveCfg = Release|Any CPU
		{C529958B-927A-4DCB-834C-5765F831F04A}.Release|Mixed Platforms.Build.0 = Release|Any CPU
		{C529958B-927A-4DCB-834C-5765F831F04A}.Release|x86.ActiveCfg = Release|Any CPU
		{C88F8353-EF9E-40D6-BD1F-9BAF79589363}.Debug|Any CPU.ActiveCfg = Debug|Any CPU
		{C88F8353-EF9E-40D6-BD1F-9BAF79589363}.Debug|Any CPU.Build.0 = Debug|Any CPU
		{C88F8353-EF9E-40D6-BD1F-9BAF79589363}.Debug|Mixed Platforms.ActiveCfg = Debug|Any CPU
		{C88F8353-EF9E-40D6-BD1F-9BAF79589363}.Debug|Mixed Platforms.Build.0 = Debug|Any CPU
		{C88F8353-EF9E-40D6-BD1F-9BAF79589363}.Debug|x86.ActiveCfg = Debug|Any CPU
		{C88F8353-EF9E-40D6-BD1F-9BAF79589363}.Release|Any CPU.ActiveCfg = Release|Any CPU
		{C88F8353-EF9E-40D6-BD1F-9BAF79589363}.Release|Any CPU.Build.0 = Release|Any CPU
		{C88F8353-EF9E-40D6-BD1F-9BAF79589363}.Release|Mixed Platforms.ActiveCfg = Release|Any CPU
		{C88F8353-EF9E-40D6-BD1F-9BAF79589363}.Release|Mixed Platforms.Build.0 = Release|Any CPU
		{C88F8353-EF9E-40D6-BD1F-9BAF79589363}.Release|x86.ActiveCfg = Release|Any CPU
		{DBF800C6-3A08-49EF-8F97-EFD7F61B82FD}.Debug|Any CPU.ActiveCfg = Debug|Any CPU
		{DBF800C6-3A08-49EF-8F97-EFD7F61B82FD}.Debug|Any CPU.Build.0 = Debug|Any CPU
		{DBF800C6-3A08-49EF-8F97-EFD7F61B82FD}.Debug|Mixed Platforms.ActiveCfg = Debug|Any CPU
		{DBF800C6-3A08-49EF-8F97-EFD7F61B82FD}.Debug|Mixed Platforms.Build.0 = Debug|Any CPU
		{DBF800C6-3A08-49EF-8F97-EFD7F61B82FD}.Debug|x86.ActiveCfg = Debug|Any CPU
		{DBF800C6-3A08-49EF-8F97-EFD7F61B82FD}.Release|Any CPU.ActiveCfg = Release|Any CPU
		{DBF800C6-3A08-49EF-8F97-EFD7F61B82FD}.Release|Any CPU.Build.0 = Release|Any CPU
		{DBF800C6-3A08-49EF-8F97-EFD7F61B82FD}.Release|Mixed Platforms.ActiveCfg = Release|Any CPU
		{DBF800C6-3A08-49EF-8F97-EFD7F61B82FD}.Release|Mixed Platforms.Build.0 = Release|Any CPU
		{DBF800C6-3A08-49EF-8F97-EFD7F61B82FD}.Release|x86.ActiveCfg = Release|Any CPU
		{B7A42E2F-1536-47ED-B60C-7E814B7B1F66}.Debug|Any CPU.ActiveCfg = Debug|Any CPU
		{B7A42E2F-1536-47ED-B60C-7E814B7B1F66}.Debug|Any CPU.Build.0 = Debug|Any CPU
		{B7A42E2F-1536-47ED-B60C-7E814B7B1F66}.Debug|Mixed Platforms.ActiveCfg = Debug|Any CPU
		{B7A42E2F-1536-47ED-B60C-7E814B7B1F66}.Debug|Mixed Platforms.Build.0 = Debug|Any CPU
		{B7A42E2F-1536-47ED-B60C-7E814B7B1F66}.Debug|x86.ActiveCfg = Debug|Any CPU
		{B7A42E2F-1536-47ED-B60C-7E814B7B1F66}.Release|Any CPU.ActiveCfg = Release|Any CPU
		{B7A42E2F-1536-47ED-B60C-7E814B7B1F66}.Release|Any CPU.Build.0 = Release|Any CPU
		{B7A42E2F-1536-47ED-B60C-7E814B7B1F66}.Release|Mixed Platforms.ActiveCfg = Release|Any CPU
		{B7A42E2F-1536-47ED-B60C-7E814B7B1F66}.Release|Mixed Platforms.Build.0 = Release|Any CPU
		{B7A42E2F-1536-47ED-B60C-7E814B7B1F66}.Release|x86.ActiveCfg = Release|Any CPU
		{92791977-B816-40D8-92B4-94697D299997}.Debug|Any CPU.ActiveCfg = Debug|Any CPU
		{92791977-B816-40D8-92B4-94697D299997}.Debug|Any CPU.Build.0 = Debug|Any CPU
		{92791977-B816-40D8-92B4-94697D299997}.Debug|Mixed Platforms.ActiveCfg = Debug|Any CPU
		{92791977-B816-40D8-92B4-94697D299997}.Debug|Mixed Platforms.Build.0 = Debug|Any CPU
		{92791977-B816-40D8-92B4-94697D299997}.Debug|x86.ActiveCfg = Debug|Any CPU
		{92791977-B816-40D8-92B4-94697D299997}.Release|Any CPU.ActiveCfg = Release|Any CPU
		{92791977-B816-40D8-92B4-94697D299997}.Release|Any CPU.Build.0 = Release|Any CPU
		{92791977-B816-40D8-92B4-94697D299997}.Release|Mixed Platforms.ActiveCfg = Release|Any CPU
		{92791977-B816-40D8-92B4-94697D299997}.Release|Mixed Platforms.Build.0 = Release|Any CPU
		{92791977-B816-40D8-92B4-94697D299997}.Release|x86.ActiveCfg = Release|Any CPU
	EndGlobalSection
	GlobalSection(SolutionProperties) = preSolution
		HideSolutionNode = FALSE
	EndGlobalSection
EndGlobal
