
Microsoft Visual Studio Solution File, Format Version 11.00
# Visual Studio 2010
Project("{2150E333-8FDC-42A3-9474-1A3956D46DE8}") = "Solution Items", "Solution Items", "{4CEFFF45-D7C0-41F1-A7A3-3414BC5C3C54}"
	ProjectSection(SolutionItems) = preProject
		Dawn.vsmdi = Dawn.vsmdi
		LocalTestRun.testrunconfig = LocalTestRun.testrunconfig
		Lib\nunit.framework.dll = Lib\nunit.framework.dll
	EndProjectSection
EndProject
Project("{FAE04EC0-301F-11D3-BF4B-00C04F79EFBC}") = "FrontEnd", "FrontEnd\FrontEnd.csproj", "{FD99E9C3-F8D1-49C4-A795-364A363A7B93}"
EndProject
Project("{FAE04EC0-301F-11D3-BF4B-00C04F79EFBC}") = "Simulation", "Simulation\Simulation.csproj", "{4F463D41-EA2D-4B41-A4C8-656DDD16F4C7}"
EndProject
Project("{FAE04EC0-301F-11D3-BF4B-00C04F79EFBC}") = "SimulationTests", "SimulationTests\SimulationTests.csproj", "{C6E7017A-0267-4E1E-ACB1-178A1AE76F9C}"
EndProject
Project("{FAE04EC0-301F-11D3-BF4B-00C04F79EFBC}") = "DawnGame", "DawnGame\DawnGame.csproj", "{D93AF99B-E264-4E64-B966-3847B510A5BE}"
EndProject
Project("{FAE04EC0-301F-11D3-BF4B-00C04F79EFBC}") = "DawnGameContent", "DawnGame\Content\DawnGameContent.contentproj", "{DDD79452-E55B-4AC5-8E7F-81F9F918169D}"
EndProject
Project("{FAE04EC0-301F-11D3-BF4B-00C04F79EFBC}") = "DeferredPipeline", "DawnGame\DeferredPipeline\DeferredPipeline.csproj", "{BDFABDA1-CAB0-4E57-BE58-81CF5BD4864D}"
EndProject
Project("{FAE04EC0-301F-11D3-BF4B-00C04F79EFBC}") = "Farseer Physics XNA", "Farseer Physics Engine 3.3.1 XNA\Farseer Physics XNA.csproj", "{DA87EB61-D672-4A20-B0E7-D3E488C69D4C}"
EndProject
Project("{FAE04EC0-301F-11D3-BF4B-00C04F79EFBC}") = "MogreFrontEnd", "MogreFrontEnd\MogreFrontEnd.csproj", "{AA0A0DCE-3FB8-4202-BDC4-CFD8E0FF27EA}"
EndProject
Global
	GlobalSection(TestCaseManagementSettings) = postSolution
		CategoryFile = Dawn.vsmdi
	EndGlobalSection
	GlobalSection(SolutionConfigurationPlatforms) = preSolution
		Debug|Any CPU = Debug|Any CPU
		Debug|Mixed Platforms = Debug|Mixed Platforms
		Debug|x86 = Debug|x86
		Release|Any CPU = Release|Any CPU
		Release|Mixed Platforms = Release|Mixed Platforms
		Release|x86 = Release|x86
	EndGlobalSection
	GlobalSection(ProjectConfigurationPlatforms) = postSolution
		{FD99E9C3-F8D1-49C4-A795-364A363A7B93}.Debug|Any CPU.ActiveCfg = Debug|Any CPU
		{FD99E9C3-F8D1-49C4-A795-364A363A7B93}.Debug|Any CPU.Build.0 = Debug|Any CPU
		{FD99E9C3-F8D1-49C4-A795-364A363A7B93}.Debug|Mixed Platforms.ActiveCfg = Debug|Any CPU
		{FD99E9C3-F8D1-49C4-A795-364A363A7B93}.Debug|Mixed Platforms.Build.0 = Debug|Any CPU
		{FD99E9C3-F8D1-49C4-A795-364A363A7B93}.Debug|x86.ActiveCfg = Debug|Any CPU
		{FD99E9C3-F8D1-49C4-A795-364A363A7B93}.Release|Any CPU.ActiveCfg = Release|Any CPU
		{FD99E9C3-F8D1-49C4-A795-364A363A7B93}.Release|Any CPU.Build.0 = Release|Any CPU
		{FD99E9C3-F8D1-49C4-A795-364A363A7B93}.Release|Mixed Platforms.ActiveCfg = Release|Any CPU
		{FD99E9C3-F8D1-49C4-A795-364A363A7B93}.Release|Mixed Platforms.Build.0 = Release|Any CPU
		{FD99E9C3-F8D1-49C4-A795-364A363A7B93}.Release|x86.ActiveCfg = Release|Any CPU
		{4F463D41-EA2D-4B41-A4C8-656DDD16F4C7}.Debug|Any CPU.ActiveCfg = Debug|Any CPU
		{4F463D41-EA2D-4B41-A4C8-656DDD16F4C7}.Debug|Any CPU.Build.0 = Debug|Any CPU
		{4F463D41-EA2D-4B41-A4C8-656DDD16F4C7}.Debug|Mixed Platforms.ActiveCfg = Debug|Any CPU
		{4F463D41-EA2D-4B41-A4C8-656DDD16F4C7}.Debug|Mixed Platforms.Build.0 = Debug|Any CPU
		{4F463D41-EA2D-4B41-A4C8-656DDD16F4C7}.Debug|x86.ActiveCfg = Debug|Any CPU
		{4F463D41-EA2D-4B41-A4C8-656DDD16F4C7}.Release|Any CPU.ActiveCfg = Release|Any CPU
		{4F463D41-EA2D-4B41-A4C8-656DDD16F4C7}.Release|Any CPU.Build.0 = Release|Any CPU
		{4F463D41-EA2D-4B41-A4C8-656DDD16F4C7}.Release|Mixed Platforms.ActiveCfg = Release|Any CPU
		{4F463D41-EA2D-4B41-A4C8-656DDD16F4C7}.Release|Mixed Platforms.Build.0 = Release|Any CPU
		{4F463D41-EA2D-4B41-A4C8-656DDD16F4C7}.Release|x86.ActiveCfg = Release|Any CPU
		{C6E7017A-0267-4E1E-ACB1-178A1AE76F9C}.Debug|Any CPU.ActiveCfg = Debug|Any CPU
		{C6E7017A-0267-4E1E-ACB1-178A1AE76F9C}.Debug|Any CPU.Build.0 = Debug|Any CPU
		{C6E7017A-0267-4E1E-ACB1-178A1AE76F9C}.Debug|Mixed Platforms.ActiveCfg = Debug|Any CPU
		{C6E7017A-0267-4E1E-ACB1-178A1AE76F9C}.Debug|Mixed Platforms.Build.0 = Debug|Any CPU
		{C6E7017A-0267-4E1E-ACB1-178A1AE76F9C}.Debug|x86.ActiveCfg = Debug|Any CPU
		{C6E7017A-0267-4E1E-ACB1-178A1AE76F9C}.Release|Any CPU.ActiveCfg = Release|Any CPU
		{C6E7017A-0267-4E1E-ACB1-178A1AE76F9C}.Release|Any CPU.Build.0 = Release|Any CPU
		{C6E7017A-0267-4E1E-ACB1-178A1AE76F9C}.Release|Mixed Platforms.ActiveCfg = Release|Any CPU
		{C6E7017A-0267-4E1E-ACB1-178A1AE76F9C}.Release|Mixed Platforms.Build.0 = Release|Any CPU
		{C6E7017A-0267-4E1E-ACB1-178A1AE76F9C}.Release|x86.ActiveCfg = Release|Any CPU
		{D93AF99B-E264-4E64-B966-3847B510A5BE}.Debug|Any CPU.ActiveCfg = Debug|x86
		{D93AF99B-E264-4E64-B966-3847B510A5BE}.Debug|Mixed Platforms.ActiveCfg = Debug|x86
		{D93AF99B-E264-4E64-B966-3847B510A5BE}.Debug|Mixed Platforms.Build.0 = Debug|x86
		{D93AF99B-E264-4E64-B966-3847B510A5BE}.Debug|x86.ActiveCfg = Debug|x86
		{D93AF99B-E264-4E64-B966-3847B510A5BE}.Debug|x86.Build.0 = Debug|x86
		{D93AF99B-E264-4E64-B966-3847B510A5BE}.Release|Any CPU.ActiveCfg = Release|x86
		{D93AF99B-E264-4E64-B966-3847B510A5BE}.Release|Mixed Platforms.ActiveCfg = Release|x86
		{D93AF99B-E264-4E64-B966-3847B510A5BE}.Release|Mixed Platforms.Build.0 = Release|x86
		{D93AF99B-E264-4E64-B966-3847B510A5BE}.Release|x86.ActiveCfg = Release|x86
		{D93AF99B-E264-4E64-B966-3847B510A5BE}.Release|x86.Build.0 = Release|x86
		{DDD79452-E55B-4AC5-8E7F-81F9F918169D}.Debug|Any CPU.ActiveCfg = Debug|x86
		{DDD79452-E55B-4AC5-8E7F-81F9F918169D}.Debug|Mixed Platforms.ActiveCfg = Debug|x86
		{DDD79452-E55B-4AC5-8E7F-81F9F918169D}.Debug|x86.ActiveCfg = Debug|x86
		{DDD79452-E55B-4AC5-8E7F-81F9F918169D}.Release|Any CPU.ActiveCfg = Release|x86
		{DDD79452-E55B-4AC5-8E7F-81F9F918169D}.Release|Mixed Platforms.ActiveCfg = Release|x86
		{DDD79452-E55B-4AC5-8E7F-81F9F918169D}.Release|x86.ActiveCfg = Release|x86
		{BDFABDA1-CAB0-4E57-BE58-81CF5BD4864D}.Debug|Any CPU.ActiveCfg = Debug|x86
		{BDFABDA1-CAB0-4E57-BE58-81CF5BD4864D}.Debug|Any CPU.Build.0 = Debug|x86
		{BDFABDA1-CAB0-4E57-BE58-81CF5BD4864D}.Debug|Mixed Platforms.ActiveCfg = Debug|x86
		{BDFABDA1-CAB0-4E57-BE58-81CF5BD4864D}.Debug|Mixed Platforms.Build.0 = Debug|x86
		{BDFABDA1-CAB0-4E57-BE58-81CF5BD4864D}.Debug|x86.ActiveCfg = Debug|x86
		{BDFABDA1-CAB0-4E57-BE58-81CF5BD4864D}.Debug|x86.Build.0 = Debug|x86
		{BDFABDA1-CAB0-4E57-BE58-81CF5BD4864D}.Release|Any CPU.ActiveCfg = Debug|x86
		{BDFABDA1-CAB0-4E57-BE58-81CF5BD4864D}.Release|Any CPU.Build.0 = Debug|x86
		{BDFABDA1-CAB0-4E57-BE58-81CF5BD4864D}.Release|Mixed Platforms.ActiveCfg = Debug|x86
		{BDFABDA1-CAB0-4E57-BE58-81CF5BD4864D}.Release|Mixed Platforms.Build.0 = Debug|x86
		{BDFABDA1-CAB0-4E57-BE58-81CF5BD4864D}.Release|x86.ActiveCfg = Debug|x86
		{BDFABDA1-CAB0-4E57-BE58-81CF5BD4864D}.Release|x86.Build.0 = Debug|x86
		{DA87EB61-D672-4A20-B0E7-D3E488C69D4C}.Debug|Any CPU.ActiveCfg = Debug|x86
		{DA87EB61-D672-4A20-B0E7-D3E488C69D4C}.Debug|Mixed Platforms.ActiveCfg = Debug|x86
		{DA87EB61-D672-4A20-B0E7-D3E488C69D4C}.Debug|Mixed Platforms.Build.0 = Debug|x86
		{DA87EB61-D672-4A20-B0E7-D3E488C69D4C}.Debug|x86.ActiveCfg = Debug|x86
		{DA87EB61-D672-4A20-B0E7-D3E488C69D4C}.Debug|x86.Build.0 = Debug|x86
		{DA87EB61-D672-4A20-B0E7-D3E488C69D4C}.Release|Any CPU.ActiveCfg = Release|x86
		{DA87EB61-D672-4A20-B0E7-D3E488C69D4C}.Release|Mixed Platforms.ActiveCfg = Release|x86
		{DA87EB61-D672-4A20-B0E7-D3E488C69D4C}.Release|Mixed Platforms.Build.0 = Release|x86
		{DA87EB61-D672-4A20-B0E7-D3E488C69D4C}.Release|x86.ActiveCfg = Release|x86
		{DA87EB61-D672-4A20-B0E7-D3E488C69D4C}.Release|x86.Build.0 = Release|x86
		{AA0A0DCE-3FB8-4202-BDC4-CFD8E0FF27EA}.Debug|Any CPU.ActiveCfg = Debug|x86
		{AA0A0DCE-3FB8-4202-BDC4-CFD8E0FF27EA}.Debug|Mixed Platforms.ActiveCfg = Debug|x86
		{AA0A0DCE-3FB8-4202-BDC4-CFD8E0FF27EA}.Debug|Mixed Platforms.Build.0 = Debug|x86
		{AA0A0DCE-3FB8-4202-BDC4-CFD8E0FF27EA}.Debug|x86.ActiveCfg = Debug|x86
		{AA0A0DCE-3FB8-4202-BDC4-CFD8E0FF27EA}.Debug|x86.Build.0 = Debug|x86
		{AA0A0DCE-3FB8-4202-BDC4-CFD8E0FF27EA}.Release|Any CPU.ActiveCfg = Release|x86
		{AA0A0DCE-3FB8-4202-BDC4-CFD8E0FF27EA}.Release|Mixed Platforms.ActiveCfg = Release|x86
		{AA0A0DCE-3FB8-4202-BDC4-CFD8E0FF27EA}.Release|Mixed Platforms.Build.0 = Release|x86
		{AA0A0DCE-3FB8-4202-BDC4-CFD8E0FF27EA}.Release|x86.ActiveCfg = Release|x86
		{AA0A0DCE-3FB8-4202-BDC4-CFD8E0FF27EA}.Release|x86.Build.0 = Release|x86
	EndGlobalSection
	GlobalSection(SolutionProperties) = preSolution
		HideSolutionNode = FALSE
	EndGlobalSection
EndGlobal
